// !$*UTF8*$!
{
	archiveVersion = 1;
	classes = {
	};
	objectVersion = 50;
	objects = {

/* Begin PBXBuildFile section */
		636D0DA9222912E2005D995F /* AppDelegate.swift in Sources */ = {isa = PBXBuildFile; fileRef = 636D0DA8222912E2005D995F /* AppDelegate.swift */; };
		636D0DAB222912E2005D995F /* ViewController.swift in Sources */ = {isa = PBXBuildFile; fileRef = 636D0DAA222912E2005D995F /* ViewController.swift */; };
		636D0DAE222912E2005D995F /* Main.storyboard in Resources */ = {isa = PBXBuildFile; fileRef = 636D0DAC222912E2005D995F /* Main.storyboard */; };
		636D0DB0222912E3005D995F /* Assets.xcassets in Resources */ = {isa = PBXBuildFile; fileRef = 636D0DAF222912E3005D995F /* Assets.xcassets */; };
		636D0DB3222912E3005D995F /* LaunchScreen.storyboard in Resources */ = {isa = PBXBuildFile; fileRef = 636D0DB1222912E3005D995F /* LaunchScreen.storyboard */; };
		636D0DBE222912E3005D995F /* MAP18SeguesTests.swift in Sources */ = {isa = PBXBuildFile; fileRef = 636D0DBD222912E3005D995F /* MAP18SeguesTests.swift */; };
		636D0DC9222912E3005D995F /* MAP18SeguesUITests.swift in Sources */ = {isa = PBXBuildFile; fileRef = 636D0DC8222912E3005D995F /* MAP18SeguesUITests.swift */; };
		636D0DD722291754005D995F /* DisplayMessageViewController.swift in Sources */ = {isa = PBXBuildFile; fileRef = 636D0DD622291754005D995F /* DisplayMessageViewController.swift */; };
/* End PBXBuildFile section */

/* Begin PBXContainerItemProxy section */
		636D0DBA222912E3005D995F /* PBXContainerItemProxy */ = {
			isa = PBXContainerItemProxy;
			containerPortal = 636D0D9D222912E1005D995F /* Project object */;
			proxyType = 1;
			remoteGlobalIDString = 636D0DA4222912E1005D995F;
			remoteInfo = MAP18Segues;
		};
		636D0DC5222912E3005D995F /* PBXContainerItemProxy */ = {
			isa = PBXContainerItemProxy;
			containerPortal = 636D0D9D222912E1005D995F /* Project object */;
			proxyType = 1;
			remoteGlobalIDString = 636D0DA4222912E1005D995F;
			remoteInfo = MAP18Segues;
		};
/* End PBXContainerItemProxy section */

/* Begin PBXFileReference section */
		636D0DA5222912E2005D995F /* MAP18Segues.app */ = {isa = PBXFileReference; explicitFileType = wrapper.application; includeInIndex = 0; path = MAP18Segues.app; sourceTree = BUILT_PRODUCTS_DIR; };
		636D0DA8222912E2005D995F /* AppDelegate.swift */ = {isa = PBXFileReference; lastKnownFileType = sourcecode.swift; path = AppDelegate.swift; sourceTree = "<group>"; };
		636D0DAA222912E2005D995F /* ViewController.swift */ = {isa = PBXFileReference; lastKnownFileType = sourcecode.swift; path = ViewController.swift; sourceTree = "<group>"; };
		636D0DAD222912E2005D995F /* Base */ = {isa = PBXFileReference; lastKnownFileType = file.storyboard; name = Base; path = Base.lproj/Main.storyboard; sourceTree = "<group>"; };
		636D0DAF222912E3005D995F /* Assets.xcassets */ = {isa = PBXFileReference; lastKnownFileType = folder.assetcatalog; path = Assets.xcassets; sourceTree = "<group>"; };
		636D0DB2222912E3005D995F /* Base */ = {isa = PBXFileReference; lastKnownFileType = file.storyboard; name = Base; path = Base.lproj/LaunchScreen.storyboard; sourceTree = "<group>"; };
		636D0DB4222912E3005D995F /* Info.plist */ = {isa = PBXFileReference; lastKnownFileType = text.plist.xml; path = Info.plist; sourceTree = "<group>"; };
		636D0DB9222912E3005D995F /* MAP18SeguesTests.xctest */ = {isa = PBXFileReference; explicitFileType = wrapper.cfbundle; includeInIndex = 0; path = MAP18SeguesTests.xctest; sourceTree = BUILT_PRODUCTS_DIR; };
		636D0DBD222912E3005D995F /* MAP18SeguesTests.swift */ = {isa = PBXFileReference; lastKnownFileType = sourcecode.swift; path = MAP18SeguesTests.swift; sourceTree = "<group>"; };
		636D0DBF222912E3005D995F /* Info.plist */ = {isa = PBXFileReference; lastKnownFileType = text.plist.xml; path = Info.plist; sourceTree = "<group>"; };
		636D0DC4222912E3005D995F /* MAP18SeguesUITests.xctest */ = {isa = PBXFileReference; explicitFileType = wrapper.cfbundle; includeInIndex = 0; path = MAP18SeguesUITests.xctest; sourceTree = BUILT_PRODUCTS_DIR; };
		636D0DC8222912E3005D995F /* MAP18SeguesUITests.swift */ = {isa = PBXFileReference; lastKnownFileType = sourcecode.swift; path = MAP18SeguesUITests.swift; sourceTree = "<group>"; };
		636D0DCA222912E3005D995F /* Info.plist */ = {isa = PBXFileReference; lastKnownFileType = text.plist.xml; path = Info.plist; sourceTree = "<group>"; };
		636D0DD622291754005D995F /* DisplayMessageViewController.swift */ = {isa = PBXFileReference; lastKnownFileType = sourcecode.swift; path = DisplayMessageViewController.swift; sourceTree = "<group>"; };
/* End PBXFileReference section */

/* Begin PBXFrameworksBuildPhase section */
		636D0DA2222912E1005D995F /* Frameworks */ = {
			isa = PBXFrameworksBuildPhase;
			buildActionMask = 2147483647;
			files = (
			);
			runOnlyForDeploymentPostprocessing = 0;
		};
		636D0DB6222912E3005D995F /* Frameworks */ = {
			isa = PBXFrameworksBuildPhase;
			buildActionMask = 2147483647;
			files = (
			);
			runOnlyForDeploymentPostprocessing = 0;
		};
		636D0DC1222912E3005D995F /* Frameworks */ = {
			isa = PBXFrameworksBuildPhase;
			buildActionMask = 2147483647;
			files = (
			);
			runOnlyForDeploymentPostprocessing = 0;
		};
/* End PBXFrameworksBuildPhase section */

/* Begin PBXGroup section */
		636D0D9C222912E1005D995F = {
			isa = PBXGroup;
			children = (
				636D0DA7222912E2005D995F /* MAP18Segues */,
				636D0DBC222912E3005D995F /* MAP18SeguesTests */,
				636D0DC7222912E3005D995F /* MAP18SeguesUITests */,
				636D0DA6222912E2005D995F /* Products */,
			);
			sourceTree = "<group>";
		};
		636D0DA6222912E2005D995F /* Products */ = {
			isa = PBXGroup;
			children = (
				636D0DA5222912E2005D995F /* MAP18Segues.app */,
				636D0DB9222912E3005D995F /* MAP18SeguesTests.xctest */,
				636D0DC4222912E3005D995F /* MAP18SeguesUITests.xctest */,
			);
			name = Products;
			sourceTree = "<group>";
		};
		636D0DA7222912E2005D995F /* MAP18Segues */ = {
			isa = PBXGroup;
			children = (
				636D0DA8222912E2005D995F /* AppDelegate.swift */,
				636D0DAA222912E2005D995F /* ViewController.swift */,
				636D0DD622291754005D995F /* DisplayMessageViewController.swift */,
				636D0DAC222912E2005D995F /* Main.storyboard */,
				636D0DAF222912E3005D995F /* Assets.xcassets */,
				636D0DB1222912E3005D995F /* LaunchScreen.storyboard */,
				636D0DB4222912E3005D995F /* Info.plist */,
			);
			path = MAP18Segues;
			sourceTree = "<group>";
		};
		636D0DBC222912E3005D995F /* MAP18SeguesTests */ = {
			isa = PBXGroup;
			children = (
				636D0DBD222912E3005D995F /* MAP18SeguesTests.swift */,
				636D0DBF222912E3005D995F /* Info.plist */,
			);
			path = MAP18SeguesTests;
			sourceTree = "<group>";
		};
		636D0DC7222912E3005D995F /* MAP18SeguesUITests */ = {
			isa = PBXGroup;
			children = (
				636D0DC8222912E3005D995F /* MAP18SeguesUITests.swift */,
				636D0DCA222912E3005D995F /* Info.plist */,
			);
			path = MAP18SeguesUITests;
			sourceTree = "<group>";
		};
/* End PBXGroup section */

/* Begin PBXNativeTarget section */
		636D0DA4222912E1005D995F /* MAP18Segues */ = {
			isa = PBXNativeTarget;
			buildConfigurationList = 636D0DCD222912E3005D995F /* Build configuration list for PBXNativeTarget "MAP18Segues" */;
			buildPhases = (
				636D0DA1222912E1005D995F /* Sources */,
				636D0DA2222912E1005D995F /* Frameworks */,
				636D0DA3222912E1005D995F /* Resources */,
			);
			buildRules = (
			);
			dependencies = (
			);
			name = MAP18Segues;
			productName = MAP18Segues;
			productReference = 636D0DA5222912E2005D995F /* MAP18Segues.app */;
			productType = "com.apple.product-type.application";
		};
		636D0DB8222912E3005D995F /* MAP18SeguesTests */ = {
			isa = PBXNativeTarget;
			buildConfigurationList = 636D0DD0222912E3005D995F /* Build configuration list for PBXNativeTarget "MAP18SeguesTests" */;
			buildPhases = (
				636D0DB5222912E3005D995F /* Sources */,
				636D0DB6222912E3005D995F /* Frameworks */,
				636D0DB7222912E3005D995F /* Resources */,
			);
			buildRules = (
			);
			dependencies = (
				636D0DBB222912E3005D995F /* PBXTargetDependency */,
			);
			name = MAP18SeguesTests;
			productName = MAP18SeguesTests;
			productReference = 636D0DB9222912E3005D995F /* MAP18SeguesTests.xctest */;
			productType = "com.apple.product-type.bundle.unit-test";
		};
		636D0DC3222912E3005D995F /* MAP18SeguesUITests */ = {
			isa = PBXNativeTarget;
			buildConfigurationList = 636D0DD3222912E3005D995F /* Build configuration list for PBXNativeTarget "MAP18SeguesUITests" */;
			buildPhases = (
				636D0DC0222912E3005D995F /* Sources */,
				636D0DC1222912E3005D995F /* Frameworks */,
				636D0DC2222912E3005D995F /* Resources */,
			);
			buildRules = (
			);
			dependencies = (
				636D0DC6222912E3005D995F /* PBXTargetDependency */,
			);
			name = MAP18SeguesUITests;
			productName = MAP18SeguesUITests;
			productReference = 636D0DC4222912E3005D995F /* MAP18SeguesUITests.xctest */;
			productType = "com.apple.product-type.bundle.ui-testing";
		};
/* End PBXNativeTarget section */

/* Begin PBXProject section */
		636D0D9D222912E1005D995F /* Project object */ = {
			isa = PBXProject;
			attributes = {
				LastSwiftUpdateCheck = 1010;
				LastUpgradeCheck = 1010;
				ORGANIZATIONNAME = "David Svensson";
				TargetAttributes = {
					636D0DA4222912E1005D995F = {
						CreatedOnToolsVersion = 10.1;
					};
					636D0DB8222912E3005D995F = {
						CreatedOnToolsVersion = 10.1;
						TestTargetID = 636D0DA4222912E1005D995F;
					};
					636D0DC3222912E3005D995F = {
						CreatedOnToolsVersion = 10.1;
						TestTargetID = 636D0DA4222912E1005D995F;
					};
				};
			};
			buildConfigurationList = 636D0DA0222912E1005D995F /* Build configuration list for PBXProject "MAP18Segues" */;
			compatibilityVersion = "Xcode 9.3";
			developmentRegion = en;
			hasScannedForEncodings = 0;
			knownRegions = (
				en,
				Base,
			);
			mainGroup = 636D0D9C222912E1005D995F;
			productRefGroup = 636D0DA6222912E2005D995F /* Products */;
			projectDirPath = "";
			projectRoot = "";
			targets = (
				636D0DA4222912E1005D995F /* MAP18Segues */,
				636D0DB8222912E3005D995F /* MAP18SeguesTests */,
				636D0DC3222912E3005D995F /* MAP18SeguesUITests */,
			);
		};
/* End PBXProject section */

/* Begin PBXResourcesBuildPhase section */
		636D0DA3222912E1005D995F /* Resources */ = {
			isa = PBXResourcesBuildPhase;
			buildActionMask = 2147483647;
			files = (
				636D0DB3222912E3005D995F /* LaunchScreen.storyboard in Resources */,
				636D0DB0222912E3005D995F /* Assets.xcassets in Resources */,
				636D0DAE222912E2005D995F /* Main.storyboard in Resources */,
			);
			runOnlyForDeploymentPostprocessing = 0;
		};
		636D0DB7222912E3005D995F /* Resources */ = {
			isa = PBXResourcesBuildPhase;
			buildActionMask = 2147483647;
			files = (
			);
			runOnlyForDeploymentPostprocessing = 0;
		};
		636D0DC2222912E3005D995F /* Resources */ = {
			isa = PBXResourcesBuildPhase;
			buildActionMask = 2147483647;
			files = (
			);
			runOnlyForDeploymentPostprocessing = 0;
		};
/* End PBXResourcesBuildPhase section */

/* Begin PBXSourcesBuildPhase section */
		636D0DA1222912E1005D995F /* Sources */ = {
			isa = PBXSourcesBuildPhase;
			buildActionMask = 2147483647;
			files = (
				636D0DAB222912E2005D995F /* ViewController.swift in Sources */,
				636D0DD722291754005D995F /* DisplayMessageViewController.swift in Sources */,
				636D0DA9222912E2005D995F /* AppDelegate.swift in Sources */,
			);
			runOnlyForDeploymentPostprocessing = 0;
		};
		636D0DB5222912E3005D995F /* Sources */ = {
			isa = PBXSourcesBuildPhase;
			buildActionMask = 2147483647;
			files = (
				636D0DBE222912E3005D995F /* MAP18SeguesTests.swift in Sources */,
			);
			runOnlyForDeploymentPostprocessing = 0;
		};
		636D0DC0222912E3005D995F /* Sources */ = {
			isa = PBXSourcesBuildPhase;
			buildActionMask = 2147483647;
			files = (
				636D0DC9222912E3005D995F /* MAP18SeguesUITests.swift in Sources */,
			);
			runOnlyForDeploymentPostprocessing = 0;
		};
/* End PBXSourcesBuildPhase section */

/* Begin PBXTargetDependency section */
		636D0DBB222912E3005D995F /* PBXTargetDependency */ = {
			isa = PBXTargetDependency;
			target = 636D0DA4222912E1005D995F /* MAP18Segues */;
			targetProxy = 636D0DBA222912E3005D995F /* PBXContainerItemProxy */;
		};
		636D0DC6222912E3005D995F /* PBXTargetDependency */ = {
			isa = PBXTargetDependency;
			target = 636D0DA4222912E1005D995F /* MAP18Segues */;
			targetProxy = 636D0DC5222912E3005D995F /* PBXContainerItemProxy */;
		};
/* End PBXTargetDependency section */

/* Begin PBXVariantGroup section */
		636D0DAC222912E2005D995F /* Main.storyboard */ = {
			isa = PBXVariantGroup;
			children = (
				636D0DAD222912E2005D995F /* Base */,
			);
			name = Main.storyboard;
			sourceTree = "<group>";
		};
		636D0DB1222912E3005D995F /* LaunchScreen.storyboard */ = {
			isa = PBXVariantGroup;
			children = (
				636D0DB2222912E3005D995F /* Base */,
			);
			name = LaunchScreen.storyboard;
			sourceTree = "<group>";
		};
/* End PBXVariantGroup section */

/* Begin XCBuildConfiguration section */
		636D0DCB222912E3005D995F /* Debug */ = {
			isa = XCBuildConfiguration;
			buildSettings = {
				ALWAYS_SEARCH_USER_PATHS = NO;
				CLANG_ANALYZER_NONNULL = YES;
				CLANG_ANALYZER_NUMBER_OBJECT_CONVERSION = YES_AGGRESSIVE;
				CLANG_CXX_LANGUAGE_STANDARD = "gnu++14";
				CLANG_CXX_LIBRARY = "libc++";
				CLANG_ENABLE_MODULES = YES;
				CLANG_ENABLE_OBJC_ARC = YES;
				CLANG_ENABLE_OBJC_WEAK = YES;
				CLANG_WARN_BLOCK_CAPTURE_AUTORELEASING = YES;
				CLANG_WARN_BOOL_CONVERSION = YES;
				CLANG_WARN_COMMA = YES;
				CLANG_WARN_CONSTANT_CONVERSION = YES;
				CLANG_WARN_DEPRECATED_OBJC_IMPLEMENTATIONS = YES;
				CLANG_WARN_DIRECT_OBJC_ISA_USAGE = YES_ERROR;
				CLANG_WARN_DOCUMENTATION_COMMENTS = YES;
				CLANG_WARN_EMPTY_BODY = YES;
				CLANG_WARN_ENUM_CONVERSION = YES;
				CLANG_WARN_INFINITE_RECURSION = YES;
				CLANG_WARN_INT_CONVERSION = YES;
				CLANG_WARN_NON_LITERAL_NULL_CONVERSION = YES;
				CLANG_WARN_OBJC_IMPLICIT_RETAIN_SELF = YES;
				CLANG_WARN_OBJC_LITERAL_CONVERSION = YES;
				CLANG_WARN_OBJC_ROOT_CLASS = YES_ERROR;
				CLANG_WARN_RANGE_LOOP_ANALYSIS = YES;
				CLANG_WARN_STRICT_PROTOTYPES = YES;
				CLANG_WARN_SUSPICIOUS_MOVE = YES;
				CLANG_WARN_UNGUARDED_AVAILABILITY = YES_AGGRESSIVE;
				CLANG_WARN_UNREACHABLE_CODE = YES;
				CLANG_WARN__DUPLICATE_METHOD_MATCH = YES;
				CODE_SIGN_IDENTITY = "iPhone Developer";
				COPY_PHASE_STRIP = NO;
				DEBUG_INFORMATION_FORMAT = dwarf;
				ENABLE_STRICT_OBJC_MSGSEND = YES;
				ENABLE_TESTABILITY = YES;
				GCC_C_LANGUAGE_STANDARD = gnu11;
				GCC_DYNAMIC_NO_PIC = NO;
				GCC_NO_COMMON_BLOCKS = YES;
				GCC_OPTIMIZATION_LEVEL = 0;
				GCC_PREPROCESSOR_DEFINITIONS = (
					"DEBUG=1",
					"$(inherited)",
				);
				GCC_WARN_64_TO_32_BIT_CONVERSION = YES;
				GCC_WARN_ABOUT_RETURN_TYPE = YES_ERROR;
				GCC_WARN_UNDECLARED_SELECTOR = YES;
				GCC_WARN_UNINITIALIZED_AUTOS = YES_AGGRESSIVE;
				GCC_WARN_UNUSED_FUNCTION = YES;
				GCC_WARN_UNUSED_VARIABLE = YES;
				IPHONEOS_DEPLOYMENT_TARGET = 12.1;
				MTL_ENABLE_DEBUG_INFO = INCLUDE_SOURCE;
				MTL_FAST_MATH = YES;
				ONLY_ACTIVE_ARCH = YES;
				SDKROOT = iphoneos;
				SWIFT_ACTIVE_COMPILATION_CONDITIONS = DEBUG;
				SWIFT_OPTIMIZATION_LEVEL = "-Onone";
			};
			name = Debug;
		};
		636D0DCC222912E3005D995F /* Release */ = {
			isa = XCBuildConfiguration;
			buildSettings = {
				ALWAYS_SEARCH_USER_PATHS = NO;
				CLANG_ANALYZER_NONNULL = YES;
				CLANG_ANALYZER_NUMBER_OBJECT_CONVERSION = YES_AGGRESSIVE;
				CLANG_CXX_LANGUAGE_STANDARD = "gnu++14";
				CLANG_CXX_LIBRARY = "libc++";
				CLANG_ENABLE_MODULES = YES;
				CLANG_ENABLE_OBJC_ARC = YES;
				CLANG_ENABLE_OBJC_WEAK = YES;
				CLANG_WARN_BLOCK_CAPTURE_AUTORELEASING = YES;
				CLANG_WARN_BOOL_CONVERSION = YES;
				CLANG_WARN_COMMA = YES;
				CLANG_WARN_CONSTANT_CONVERSION = YES;
				CLANG_WARN_DEPRECATED_OBJC_IMPLEMENTATIONS = YES;
				CLANG_WARN_DIRECT_OBJC_ISA_USAGE = YES_ERROR;
				CLANG_WARN_DOCUMENTATION_COMMENTS = YES;
				CLANG_WARN_EMPTY_BODY = YES;
				CLANG_WARN_ENUM_CONVERSION = YES;
				CLANG_WARN_INFINITE_RECURSION = YES;
				CLANG_WARN_INT_CONVERSION = YES;
				CLANG_WARN_NON_LITERAL_NULL_CONVERSION = YES;
				CLANG_WARN_OBJC_IMPLICIT_RETAIN_SELF = YES;
				CLANG_WARN_OBJC_LITERAL_CONVERSION = YES;
				CLANG_WARN_OBJC_ROOT_CLASS = YES_ERROR;
				CLANG_WARN_RANGE_LOOP_ANALYSIS = YES;
				CLANG_WARN_STRICT_PROTOTYPES = YES;
				CLANG_WARN_SUSPICIOUS_MOVE = YES;
				CLANG_WARN_UNGUARDED_AVAILABILITY = YES_AGGRESSIVE;
				CLANG_WARN_UNREACHABLE_CODE = YES;
				CLANG_WARN__DUPLICATE_METHOD_MATCH = YES;
				CODE_SIGN_IDENTITY = "iPhone Developer";
				COPY_PHASE_STRIP = NO;
				DEBUG_INFORMATION_FORMAT = "dwarf-with-dsym";
				ENABLE_NS_ASSERTIONS = NO;
				ENABLE_STRICT_OBJC_MSGSEND = YES;
				GCC_C_LANGUAGE_STANDARD = gnu11;
				GCC_NO_COMMON_BLOCKS = YES;
				GCC_WARN_64_TO_32_BIT_CONVERSION = YES;
				GCC_WARN_ABOUT_RETURN_TYPE = YES_ERROR;
				GCC_WARN_UNDECLARED_SELECTOR = YES;
				GCC_WARN_UNINITIALIZED_AUTOS = YES_AGGRESSIVE;
				GCC_WARN_UNUSED_FUNCTION = YES;
				GCC_WARN_UNUSED_VARIABLE = YES;
				IPHONEOS_DEPLOYMENT_TARGET = 12.1;
				MTL_ENABLE_DEBUG_INFO = NO;
				MTL_FAST_MATH = YES;
				SDKROOT = iphoneos;
				SWIFT_COMPILATION_MODE = wholemodule;
				SWIFT_OPTIMIZATION_LEVEL = "-O";
				VALIDATE_PRODUCT = YES;
			};
			name = Release;
		};
		636D0DCE222912E3005D995F /* Debug */ = {
			isa = XCBuildConfiguration;
			buildSettings = {
				ASSETCATALOG_COMPILER_APPICON_NAME = AppIcon;
				CODE_SIGN_STYLE = Automatic;
				INFOPLIST_FILE = MAP18Segues/Info.plist;
				LD_RUNPATH_SEARCH_PATHS = (
					"$(inherited)",
					"@executable_path/Frameworks",
				);
				PRODUCT_BUNDLE_IDENTIFIER = com.example.MAP18Segues;
				PRODUCT_NAME = "$(TARGET_NAME)";
				SWIFT_VERSION = 4.2;
				TARGETED_DEVICE_FAMILY = "1,2";
			};
			name = Debug;
		};
		636D0DCF222912E3005D995F /* Release */ = {
			isa = XCBuildConfiguration;
			buildSettings = {
				ASSETCATALOG_COMPILER_APPICON_NAME = AppIcon;
				CODE_SIGN_STYLE = Automatic;
				INFOPLIST_FILE = MAP18Segues/Info.plist;
				LD_RUNPATH_SEARCH_PATHS = (
					"$(inherited)",
					"@executable_path/Frameworks",
				);
				PRODUCT_BUNDLE_IDENTIFIER = com.example.MAP18Segues;
				PRODUCT_NAME = "$(TARGET_NAME)";
				SWIFT_VERSION = 4.2;
				TARGETED_DEVICE_FAMILY = "1,2";
			};
			name = Release;
		};
		636D0DD1222912E3005D995F /* Debug */ = {
			isa = XCBuildConfiguration;
			buildSettings = {
				ALWAYS_EMBED_SWIFT_STANDARD_LIBRARIES = YES;
				BUNDLE_LOADER = "$(TEST_HOST)";
				CODE_SIGN_STYLE = Automatic;
				INFOPLIST_FILE = MAP18SeguesTests/Info.plist;
				LD_RUNPATH_SEARCH_PATHS = (
					"$(inherited)",
					"@executable_path/Frameworks",
					"@loader_path/Frameworks",
				);
				PRODUCT_BUNDLE_IDENTIFIER = com.example.MAP18SeguesTests;
				PRODUCT_NAME = "$(TARGET_NAME)";
				SWIFT_VERSION = 4.2;
				TARGETED_DEVICE_FAMILY = "1,2";
				TEST_HOST = "$(BUILT_PRODUCTS_DIR)/MAP18Segues.app/MAP18Segues";
			};
			name = Debug;
		};
		636D0DD2222912E3005D995F /* Release */ = {
			isa = XCBuildConfiguration;
			buildSettings = {
				ALWAYS_EMBED_SWIFT_STANDARD_LIBRARIES = YES;
				BUNDLE_LOADER = "$(TEST_HOST)";
				CODE_SIGN_STYLE = Automatic;
				INFOPLIST_FILE = MAP18SeguesTests/Info.plist;
				LD_RUNPATH_SEARCH_PATHS = (
					"$(inherited)",
					"@executable_path/Frameworks",
					"@loader_path/Frameworks",
				);
				PRODUCT_BUNDLE_IDENTIFIER = com.example.MAP18SeguesTests;
				PRODUCT_NAME = "$(TARGET_NAME)";
				SWIFT_VERSION = 4.2;
				TARGETED_DEVICE_FAMILY = "1,2";
				TEST_HOST = "$(BUILT_PRODUCTS_DIR)/MAP18Segues.app/MAP18Segues";
			};
			name = Release;
		};
		636D0DD4222912E3005D995F /* Debug */ = {
			isa = XCBuildConfiguration;
			buildSettings = {
				ALWAYS_EMBED_SWIFT_STANDARD_LIBRARIES = YES;
				CODE_SIGN_STYLE = Automatic;
				INFOPLIST_FILE = MAP18SeguesUITests/Info.plist;
				LD_RUNPATH_SEARCH_PATHS = (
					"$(inherited)",
					"@executable_path/Frameworks",
					"@loader_path/Frameworks",
				);
				PRODUCT_BUNDLE_IDENTIFIER = com.example.MAP18SeguesUITests;
				PRODUCT_NAME = "$(TARGET_NAME)";
				SWIFT_VERSION = 4.2;
				TARGETED_DEVICE_FAMILY = "1,2";
				TEST_TARGET_NAME = MAP18Segues;
			};
			name = Debug;
		};
		636D0DD5222912E3005D995F /* Release */ = {
			isa = XCBuildConfiguration;
			buildSettings = {
				ALWAYS_EMBED_SWIFT_STANDARD_LIBRARIES = YES;
				CODE_SIGN_STYLE = Automatic;
				INFOPLIST_FILE = MAP18SeguesUITests/Info.plist;
				LD_RUNPATH_SEARCH_PATHS = (
					"$(inherited)",
					"@executable_path/Frameworks",
					"@loader_path/Frameworks",
				);
				PRODUCT_BUNDLE_IDENTIFIER = com.example.MAP18SeguesUITests;
				PRODUCT_NAME = "$(TARGET_NAME)";
				SWIFT_VERSION = 4.2;
				TARGETED_DEVICE_FAMILY = "1,2";
				TEST_TARGET_NAME = MAP18Segues;
			};
			name = Release;
		};
/* End XCBuildConfiguration section */

/* Begin XCConfigurationList section */
		636D0DA0222912E1005D995F /* Build configuration list for PBXProject "MAP18Segues" */ = {
			isa = XCConfigurationList;
			buildConfigurations = (
				636D0DCB222912E3005D995F /* Debug */,
				636D0DCC222912E3005D995F /* Release */,
			);
			defaultConfigurationIsVisible = 0;
			defaultConfigurationName = Release;
		};
		636D0DCD222912E3005D995F /* Build configuration list for PBXNativeTarget "MAP18Segues" */ = {
			isa = XCConfigurationList;
			buildConfigurations = (
				636D0DCE222912E3005D995F /* Debug */,
				636D0DCF222912E3005D995F /* Release */,
			);
			defaultConfigurationIsVisible = 0;
			defaultConfigurationName = Release;
		};
		636D0DD0222912E3005D995F /* Build configuration list for PBXNativeTarget "MAP18SeguesTests" */ = {
			isa = XCConfigurationList;
			buildConfigurations = (
				636D0DD1222912E3005D995F /* Debug */,
				636D0DD2222912E3005D995F /* Release */,
			);
			defaultConfigurationIsVisible = 0;
			defaultConfigurationName = Release;
		};
		636D0DD3222912E3005D995F /* Build configuration list for PBXNativeTarget "MAP18SeguesUITests" */ = {
			isa = XCConfigurationList;
			buildConfigurations = (
				636D0DD4222912E3005D995F /* Debug */,
				636D0DD5222912E3005D995F /* Release */,
			);
			defaultConfigurationIsVisible = 0;
			defaultConfigurationName = Release;
		};
/* End XCConfigurationList section */
	};
	rootObject = 636D0D9D222912E1005D995F /* Project object */;
}
